
Microsoft Visual Studio Solution File, Format Version 12.00
# Visual Studio Version 17
VisualStudioVersion = 17.4.33213.308
MinimumVisualStudioVersion = 10.0.40219.1
Project("{FAE04EC0-301F-11D3-BF4B-00C04F79EFBC}") = "VirtualArray", "VirtualArray\VirtualArray.csproj", "{64991FDD-DC08-4F75-B051-D6E3AFCFB589}"
EndProject
Global
	GlobalSection(SolutionConfigurationPlatforms) = preSolution
		Debug|Any CPU = Debug|Any CPU
		Release|Any CPU = Release|Any CPU
	EndGlobalSection
	GlobalSection(ProjectConfigurationPlatforms) = postSolution
		{64991FDD-DC08-4F75-B051-D6E3AFCFB589}.Debug|Any CPU.ActiveCfg = Debug|Any CPU
		{64991FDD-DC08-4F75-B051-D6E3AFCFB589}.Debug|Any CPU.Build.0 = Debug|Any CPU
		{64991FDD-DC08-4F75-B051-D6E3AFCFB589}.Release|Any CPU.ActiveCfg = Release|Any CPU
		{64991FDD-DC08-4F75-B051-D6E3AFCFB589}.Release|Any CPU.Build.0 = Release|Any CPU
	EndGlobalSection
	GlobalSection(SolutionProperties) = preSolution
		HideSolutionNode = FALSE
	EndGlobalSection
	GlobalSection(ExtensibilityGlobals) = postSolution
		SolutionGuid = {5FE22509-2EA5-4812-8A2E-BD3844BA620B}
	EndGlobalSection
EndGlobal
